
Microsoft Visual Studio Solution File, Format Version 12.00
# Visual Studio 15
VisualStudioVersion = 15.0.27428.2043
MinimumVisualStudioVersion = 10.0.40219.1
Project("{FAE04EC0-301F-11D3-BF4B-00C04F79EFBC}") = "WForm - Group Stage", "WForm - Group Stage\WForm - Group Stage.csproj", "{0AA05CB5-D47D-422D-A28F-43514DC1F9DF}"
EndProject
Global
	GlobalSection(SolutionConfigurationPlatforms) = preSolution
		Debug|Any CPU = Debug|Any CPU
		Release|Any CPU = Release|Any CPU
	EndGlobalSection
	GlobalSection(ProjectConfigurationPlatforms) = postSolution
		{0AA05CB5-D47D-422D-A28F-43514DC1F9DF}.Debug|Any CPU.ActiveCfg = Debug|Any CPU
		{0AA05CB5-D47D-422D-A28F-43514DC1F9DF}.Debug|Any CPU.Build.0 = Debug|Any CPU
		{0AA05CB5-D47D-422D-A28F-43514DC1F9DF}.Release|Any CPU.ActiveCfg = Release|Any CPU
		{0AA05CB5-D47D-422D-A28F-43514DC1F9DF}.Release|Any CPU.Build.0 = Release|Any CPU
	EndGlobalSection
	GlobalSection(SolutionProperties) = preSolution
		HideSolutionNode = FALSE
	EndGlobalSection
	GlobalSection(ExtensibilityGlobals) = postSolution
		SolutionGuid = {57D17457-0287-430C-812B-C8166B45B3ED}
	EndGlobalSection
EndGlobal
